PODS:
  - IGListKit (3.4.0):
    - IGListKit/Default (= 3.4.0)
  - IGListKit/Default (3.4.0):
    - IGListKit/Diffing
  - IGListKit/Diffing (3.4.0)
  - PINCache (3.0.1):
    - PINCache/Arc-exception-safe (= 3.0.1)
    - PINCache/Core (= 3.0.1)
  - PINCache/Arc-exception-safe (3.0.1):
    - PINCache/Core
  - PINCache/Core (3.0.1):
    - PINOperation (~> 1.2.0)
  - PINOperation (1.2)
  - PINRemoteImage (3.0.0):
    - PINRemoteImage/PINCache (= 3.0.0)
  - PINRemoteImage/Core (3.0.0):
    - PINOperation
  - PINRemoteImage/iOS (3.0.0):
    - PINRemoteImage/Core
  - PINRemoteImage/PINCache (3.0.0):
    - PINCache (~> 3.0.1)
    - PINRemoteImage/Core
  - Texture (3.0.0):
    - Texture/AssetsLibrary (= 3.0.0)
    - Texture/Core (= 3.0.0)
    - Texture/MapKit (= 3.0.0)
    - Texture/Photos (= 3.0.0)
    - Texture/PINRemoteImage (= 3.0.0)
    - Texture/Video (= 3.0.0)
  - Texture/AssetsLibrary (3.0.0):
    - Texture/Core
  - Texture/Core (3.0.0)
  - Texture/MapKit (3.0.0):
    - Texture/Core
  - Texture/Photos (3.0.0):
    - Texture/Core
  - Texture/PINRemoteImage (3.0.0):
    - PINRemoteImage/iOS (~> 3.0.0)
    - PINRemoteImage/PINCache
    - Texture/Core
  - Texture/Video (3.0.0):
    - Texture/Core
  - YYModel (1.0.4)

DEPENDENCIES:
  - IGListKit (from `~/Document/IGListKit`)
  - PINCache (from `~/Document/PINCache`)
  - PINOperation (from `~/Document/PINOperation`)
  - PINRemoteImage (from `~/Document/PINRemoteImage`)
  - Texture (from `~/Document/Texture`)
  - YYModel (from `~/GitHub/YYModel/`)

EXTERNAL SOURCES:
  IGListKit:
    :path: "~/Document/IGListKit"
  PINCache:
    :path: "~/Document/PINCache"
  PINOperation:
    :path: "~/Document/PINOperation"
  PINRemoteImage:
    :path: "~/Document/PINRemoteImage"
  Texture:
    :path: "~/Document/Texture"
  YYModel:
    :path: "~/GitHub/YYModel/"

SPEC CHECKSUMS:
  IGListKit: 7a5d788e9fb746bcd402baa8e8b24bc3bd2a5a07
  PINCache: ee3c4abadd09970a61cdda0cfc345e69a3d75b26
  PINOperation: 3a967a927e7867e61976c6cc23e5770416449fbc
  PINRemoteImage: 029538fcfde181950f1fc43317c183f94d7f5e2e
  Texture: 2f109e937850d94d1d07232041c9c7313ccddb81
  YYModel: 2a7fdd96aaa4b86a824e26d0c517de8928c04b30

PODFILE CHECKSUM: c0bfb901afc9167537b6ae7245af0555759bc773

COCOAPODS: 1.7.5
